
Microsoft Visual Studio Solution File, Format Version 12.00
# Visual Studio Version 16
VisualStudioVersion = 16.0.31829.152
MinimumVisualStudioVersion = 10.0.40219.1
Project("{FAE04EC0-301F-11D3-BF4B-00C04F79EFBC}") = "MainProgram", "MainProgram\MainProgram.csproj", "{BF2533AF-6A63-44D6-B413-A70A00EE7AD0}"
EndProject
Project("{FAE04EC0-301F-11D3-BF4B-00C04F79EFBC}") = "PigLatinLibrary", "PigLatin\PigLatinLibrary.csproj", "{630A02F7-E7F4-493F-B211-8BB94F9D5FFE}"
EndProject
Global
	GlobalSection(SolutionConfigurationPlatforms) = preSolution
		Debug|Any CPU = Debug|Any CPU
		Release|Any CPU = Release|Any CPU
	EndGlobalSection
	GlobalSection(ProjectConfigurationPlatforms) = postSolution
		{BF2533AF-6A63-44D6-B413-A70A00EE7AD0}.Debug|Any CPU.ActiveCfg = Debug|Any CPU
		{BF2533AF-6A63-44D6-B413-A70A00EE7AD0}.Debug|Any CPU.Build.0 = Debug|Any CPU
		{BF2533AF-6A63-44D6-B413-A70A00EE7AD0}.Release|Any CPU.ActiveCfg = Release|Any CPU
		{BF2533AF-6A63-44D6-B413-A70A00EE7AD0}.Release|Any CPU.Build.0 = Release|Any CPU
		{630A02F7-E7F4-493F-B211-8BB94F9D5FFE}.Debug|Any CPU.ActiveCfg = Debug|Any CPU
		{630A02F7-E7F4-493F-B211-8BB94F9D5FFE}.Debug|Any CPU.Build.0 = Debug|Any CPU
		{630A02F7-E7F4-493F-B211-8BB94F9D5FFE}.Release|Any CPU.ActiveCfg = Release|Any CPU
		{630A02F7-E7F4-493F-B211-8BB94F9D5FFE}.Release|Any CPU.Build.0 = Release|Any CPU
	EndGlobalSection
	GlobalSection(SolutionProperties) = preSolution
		HideSolutionNode = FALSE
	EndGlobalSection
	GlobalSection(ExtensibilityGlobals) = postSolution
		SolutionGuid = {7663198D-7214-4614-B272-C3CBFB7B3677}
	EndGlobalSection
EndGlobal
